
Microsoft Visual Studio Solution File, Format Version 12.00
# Visual Studio Version 17
VisualStudioVersion = 17.13.35806.99
MinimumVisualStudioVersion = 10.0.40219.1
Project("{FAE04EC0-301F-11D3-BF4B-00C04F79EFBC}") = "TestBench", "TestBench\TestBench.csproj", "{A2D76FF1-D824-44BD-BC8A-A2B651F35826}"
EndProject
Project("{FAE04EC0-301F-11D3-BF4B-00C04F79EFBC}") = "page", "page\page.csproj", "{4B61D449-698B-48A0-B178-9DFB57FAB210}"
EndProject
Project("{FAE04EC0-301F-11D3-BF4B-00C04F79EFBC}") = "configControl", "configControl\configControl.csproj", "{1015091D-5F11-4B35-B608-026CE8A3B52F}"
EndProject
Project("{FAE04EC0-301F-11D3-BF4B-00C04F79EFBC}") = "pageTest", "pageTest\pageTest.csproj", "{9A3C98AF-E5AB-4F1F-83B9-6E20AA7A1C2E}"
EndProject
Project("{FAE04EC0-301F-11D3-BF4B-00C04F79EFBC}") = "configControlTest", "configControlTest\configControlTest.csproj", "{67E7293C-8B9F-4262-9306-4FE98E3F1BE0}"
EndProject
Global
	GlobalSection(SolutionConfigurationPlatforms) = preSolution
		Debug|Any CPU = Debug|Any CPU
		Release|Any CPU = Release|Any CPU
	EndGlobalSection
	GlobalSection(ProjectConfigurationPlatforms) = postSolution
		{A2D76FF1-D824-44BD-BC8A-A2B651F35826}.Debug|Any CPU.ActiveCfg = Debug|Any CPU
		{A2D76FF1-D824-44BD-BC8A-A2B651F35826}.Debug|Any CPU.Build.0 = Debug|Any CPU
		{A2D76FF1-D824-44BD-BC8A-A2B651F35826}.Release|Any CPU.ActiveCfg = Release|Any CPU
		{A2D76FF1-D824-44BD-BC8A-A2B651F35826}.Release|Any CPU.Build.0 = Release|Any CPU
		{4B61D449-698B-48A0-B178-9DFB57FAB210}.Debug|Any CPU.ActiveCfg = Debug|Any CPU
		{4B61D449-698B-48A0-B178-9DFB57FAB210}.Debug|Any CPU.Build.0 = Debug|Any CPU
		{4B61D449-698B-48A0-B178-9DFB57FAB210}.Release|Any CPU.ActiveCfg = Release|Any CPU
		{4B61D449-698B-48A0-B178-9DFB57FAB210}.Release|Any CPU.Build.0 = Release|Any CPU
		{1015091D-5F11-4B35-B608-026CE8A3B52F}.Debug|Any CPU.ActiveCfg = Debug|Any CPU
		{1015091D-5F11-4B35-B608-026CE8A3B52F}.Debug|Any CPU.Build.0 = Debug|Any CPU
		{1015091D-5F11-4B35-B608-026CE8A3B52F}.Release|Any CPU.ActiveCfg = Release|Any CPU
		{1015091D-5F11-4B35-B608-026CE8A3B52F}.Release|Any CPU.Build.0 = Release|Any CPU
		{9A3C98AF-E5AB-4F1F-83B9-6E20AA7A1C2E}.Debug|Any CPU.ActiveCfg = Debug|Any CPU
		{9A3C98AF-E5AB-4F1F-83B9-6E20AA7A1C2E}.Debug|Any CPU.Build.0 = Debug|Any CPU
		{9A3C98AF-E5AB-4F1F-83B9-6E20AA7A1C2E}.Release|Any CPU.ActiveCfg = Release|Any CPU
		{9A3C98AF-E5AB-4F1F-83B9-6E20AA7A1C2E}.Release|Any CPU.Build.0 = Release|Any CPU
		{67E7293C-8B9F-4262-9306-4FE98E3F1BE0}.Debug|Any CPU.ActiveCfg = Debug|Any CPU
		{67E7293C-8B9F-4262-9306-4FE98E3F1BE0}.Debug|Any CPU.Build.0 = Debug|Any CPU
		{67E7293C-8B9F-4262-9306-4FE98E3F1BE0}.Release|Any CPU.ActiveCfg = Release|Any CPU
		{67E7293C-8B9F-4262-9306-4FE98E3F1BE0}.Release|Any CPU.Build.0 = Release|Any CPU
	EndGlobalSection
	GlobalSection(SolutionProperties) = preSolution
		HideSolutionNode = FALSE
	EndGlobalSection
	GlobalSection(ExtensibilityGlobals) = postSolution
		SolutionGuid = {44EEF392-7046-4B23-8EF4-A8296C5103EC}
	EndGlobalSection
EndGlobal
